
Microsoft Visual Studio Solution File, Format Version 12.00
# Visual Studio Version 17
VisualStudioVersion = 17.8.34322.80
MinimumVisualStudioVersion = 10.0.40219.1
Project("{FAE04EC0-301F-11D3-BF4B-00C04F79EFBC}") = "YumYard", "YumYard\YumYard.csproj", "{66BFE00A-AFFD-4509-A187-D24EA512024F}"
EndProject
Global
	GlobalSection(SolutionConfigurationPlatforms) = preSolution
		Debug|Any CPU = Debug|Any CPU
		Release|Any CPU = Release|Any CPU
	EndGlobalSection
	GlobalSection(ProjectConfigurationPlatforms) = postSolution
		{66BFE00A-AFFD-4509-A187-D24EA512024F}.Debug|Any CPU.ActiveCfg = Debug|Any CPU
		{66BFE00A-AFFD-4509-A187-D24EA512024F}.Debug|Any CPU.Build.0 = Debug|Any CPU
		{66BFE00A-AFFD-4509-A187-D24EA512024F}.Release|Any CPU.ActiveCfg = Release|Any CPU
		{66BFE00A-AFFD-4509-A187-D24EA512024F}.Release|Any CPU.Build.0 = Release|Any CPU
	EndGlobalSection
	GlobalSection(SolutionProperties) = preSolution
		HideSolutionNode = FALSE
	EndGlobalSection
	GlobalSection(ExtensibilityGlobals) = postSolution
		SolutionGuid = {3067EC78-B33E-465C-8D73-80E0E9D57D44}
	EndGlobalSection
EndGlobal
